
Microsoft Visual Studio Solution File, Format Version 12.00
# Visual Studio Version 17
VisualStudioVersion = 17.11.35327.3
MinimumVisualStudioVersion = 10.0.40219.1
Project("{9A19103F-16F7-4668-BE54-9A1E7A4F7556}") = "EShopService", "EShopService\EShopService.csproj", "{C4B35E59-9E2E-47DD-8703-4D9C498D5E2C}"
EndProject
Project("{9A19103F-16F7-4668-BE54-9A1E7A4F7556}") = "Eshop.Application", "Eshop.Application\Eshop.Application.csproj", "{B41DBAC3-E2FA-420C-9251-0432075EF426}"
EndProject
Project("{9A19103F-16F7-4668-BE54-9A1E7A4F7556}") = "Eshop.Application.Tests", "Eshop.Application.Tests\Eshop.Application.Tests.csproj", "{AD9FC5C6-02E4-4DEF-B9F2-C525658BC50A}"
EndProject
Project("{9A19103F-16F7-4668-BE54-9A1E7A4F7556}") = "EShop.Domain", "EShop.Domain\EShop.Domain.csproj", "{9E2F5E40-E161-4746-BD39-2BED3334C7E1}"
EndProject
Project("{9A19103F-16F7-4668-BE54-9A1E7A4F7556}") = "EShop.Domain.Tests", "EShop.Domain.Tests\EShop.Domain.Tests.csproj", "{3BA62112-CBD7-4D9F-896E-66AF0C7B5094}"
EndProject
Project("{FAE04EC0-301F-11D3-BF4B-00C04F79EFBC}") = "EShopService.Tests", "EShopService.Tests\EShopService.Tests.csproj", "{D194033A-0B76-470B-BA3B-65E702F64F29}"
EndProject
Global
	GlobalSection(SolutionConfigurationPlatforms) = preSolution
		Debug|Any CPU = Debug|Any CPU
		Release|Any CPU = Release|Any CPU
	EndGlobalSection
	GlobalSection(ProjectConfigurationPlatforms) = postSolution
		{C4B35E59-9E2E-47DD-8703-4D9C498D5E2C}.Debug|Any CPU.ActiveCfg = Debug|Any CPU
		{C4B35E59-9E2E-47DD-8703-4D9C498D5E2C}.Debug|Any CPU.Build.0 = Debug|Any CPU
		{C4B35E59-9E2E-47DD-8703-4D9C498D5E2C}.Release|Any CPU.ActiveCfg = Release|Any CPU
		{C4B35E59-9E2E-47DD-8703-4D9C498D5E2C}.Release|Any CPU.Build.0 = Release|Any CPU
		{B41DBAC3-E2FA-420C-9251-0432075EF426}.Debug|Any CPU.ActiveCfg = Debug|Any CPU
		{B41DBAC3-E2FA-420C-9251-0432075EF426}.Debug|Any CPU.Build.0 = Debug|Any CPU
		{B41DBAC3-E2FA-420C-9251-0432075EF426}.Release|Any CPU.ActiveCfg = Release|Any CPU
		{B41DBAC3-E2FA-420C-9251-0432075EF426}.Release|Any CPU.Build.0 = Release|Any CPU
		{AD9FC5C6-02E4-4DEF-B9F2-C525658BC50A}.Debug|Any CPU.ActiveCfg = Debug|Any CPU
		{AD9FC5C6-02E4-4DEF-B9F2-C525658BC50A}.Debug|Any CPU.Build.0 = Debug|Any CPU
		{AD9FC5C6-02E4-4DEF-B9F2-C525658BC50A}.Release|Any CPU.ActiveCfg = Release|Any CPU
		{AD9FC5C6-02E4-4DEF-B9F2-C525658BC50A}.Release|Any CPU.Build.0 = Release|Any CPU
		{9E2F5E40-E161-4746-BD39-2BED3334C7E1}.Debug|Any CPU.ActiveCfg = Debug|Any CPU
		{9E2F5E40-E161-4746-BD39-2BED3334C7E1}.Debug|Any CPU.Build.0 = Debug|Any CPU
		{9E2F5E40-E161-4746-BD39-2BED3334C7E1}.Release|Any CPU.ActiveCfg = Release|Any CPU
		{9E2F5E40-E161-4746-BD39-2BED3334C7E1}.Release|Any CPU.Build.0 = Release|Any CPU
		{3BA62112-CBD7-4D9F-896E-66AF0C7B5094}.Debug|Any CPU.ActiveCfg = Debug|Any CPU
		{3BA62112-CBD7-4D9F-896E-66AF0C7B5094}.Debug|Any CPU.Build.0 = Debug|Any CPU
		{3BA62112-CBD7-4D9F-896E-66AF0C7B5094}.Release|Any CPU.ActiveCfg = Release|Any CPU
		{3BA62112-CBD7-4D9F-896E-66AF0C7B5094}.Release|Any CPU.Build.0 = Release|Any CPU
		{D194033A-0B76-470B-BA3B-65E702F64F29}.Debug|Any CPU.ActiveCfg = Debug|Any CPU
		{D194033A-0B76-470B-BA3B-65E702F64F29}.Debug|Any CPU.Build.0 = Debug|Any CPU
		{D194033A-0B76-470B-BA3B-65E702F64F29}.Release|Any CPU.ActiveCfg = Release|Any CPU
		{D194033A-0B76-470B-BA3B-65E702F64F29}.Release|Any CPU.Build.0 = Release|Any CPU
	EndGlobalSection
	GlobalSection(SolutionProperties) = preSolution
		HideSolutionNode = FALSE
	EndGlobalSection
	GlobalSection(ExtensibilityGlobals) = postSolution
		SolutionGuid = {FE71C888-C3D0-4F40-8967-4873D98DB455}
	EndGlobalSection
EndGlobal
